
Microsoft Visual Studio Solution File, Format Version 12.00
# Visual Studio Version 16
VisualStudioVersion = 16.0.30204.135
MinimumVisualStudioVersion = 10.0.40219.1
Project("{FAE04EC0-301F-11D3-BF4B-00C04F79EFBC}") = "HRLeaves.Website", "HRLeaves.Website\HRLeaves.Website.csproj", "{B53498BC-7C7D-4AA6-9440-D96486D53140}"
EndProject
Project("{FAE04EC0-301F-11D3-BF4B-00C04F79EFBC}") = "HRLeaves.Services", "HRLeaves.Services\HRLeaves.Services.csproj", "{8CA8BF5E-2D20-4DE2-A567-7463A9354756}"
EndProject
Global
	GlobalSection(SolutionConfigurationPlatforms) = preSolution
		Debug|Any CPU = Debug|Any CPU
		Release|Any CPU = Release|Any CPU
	EndGlobalSection
	GlobalSection(ProjectConfigurationPlatforms) = postSolution
		{B53498BC-7C7D-4AA6-9440-D96486D53140}.Debug|Any CPU.ActiveCfg = Debug|Any CPU
		{B53498BC-7C7D-4AA6-9440-D96486D53140}.Debug|Any CPU.Build.0 = Debug|Any CPU
		{B53498BC-7C7D-4AA6-9440-D96486D53140}.Release|Any CPU.ActiveCfg = Release|Any CPU
		{B53498BC-7C7D-4AA6-9440-D96486D53140}.Release|Any CPU.Build.0 = Release|Any CPU
		{8CA8BF5E-2D20-4DE2-A567-7463A9354756}.Debug|Any CPU.ActiveCfg = Debug|Any CPU
		{8CA8BF5E-2D20-4DE2-A567-7463A9354756}.Debug|Any CPU.Build.0 = Debug|Any CPU
		{8CA8BF5E-2D20-4DE2-A567-7463A9354756}.Release|Any CPU.ActiveCfg = Release|Any CPU
		{8CA8BF5E-2D20-4DE2-A567-7463A9354756}.Release|Any CPU.Build.0 = Release|Any CPU
	EndGlobalSection
	GlobalSection(SolutionProperties) = preSolution
		HideSolutionNode = FALSE
	EndGlobalSection
	GlobalSection(ExtensibilityGlobals) = postSolution
		SolutionGuid = {5EB22E1F-AD3D-41CF-9057-24B67093D877}
	EndGlobalSection
EndGlobal
